
Microsoft Visual Studio Solution File, Format Version 12.00
# Visual Studio Version 17
VisualStudioVersion = 17.7.34221.43
MinimumVisualStudioVersion = 10.0.40219.1
Project("{FAE04EC0-301F-11D3-BF4B-00C04F79EFBC}") = "HaylandMontavo_ExamenP1", "HaylandMontavo_ExamenP1.csproj", "{84131B9C-0A81-4902-BB61-6F1149F7FA9A}"
EndProject
Global
	GlobalSection(SolutionConfigurationPlatforms) = preSolution
		Debug|Any CPU = Debug|Any CPU
		Release|Any CPU = Release|Any CPU
	EndGlobalSection
	GlobalSection(ProjectConfigurationPlatforms) = postSolution
		{84131B9C-0A81-4902-BB61-6F1149F7FA9A}.Debug|Any CPU.ActiveCfg = Debug|Any CPU
		{84131B9C-0A81-4902-BB61-6F1149F7FA9A}.Debug|Any CPU.Build.0 = Debug|Any CPU
		{84131B9C-0A81-4902-BB61-6F1149F7FA9A}.Release|Any CPU.ActiveCfg = Release|Any CPU
		{84131B9C-0A81-4902-BB61-6F1149F7FA9A}.Release|Any CPU.Build.0 = Release|Any CPU
	EndGlobalSection
	GlobalSection(SolutionProperties) = preSolution
		HideSolutionNode = FALSE
	EndGlobalSection
	GlobalSection(ExtensibilityGlobals) = postSolution
		SolutionGuid = {0786A993-FF8D-41E7-88E1-0856C1B1775D}
	EndGlobalSection
EndGlobal
